
Microsoft Visual Studio Solution File, Format Version 12.00
# Visual Studio Version 17
VisualStudioVersion = 17.5.33414.496
MinimumVisualStudioVersion = 10.0.40219.1
Project("{FAE04EC0-301F-11D3-BF4B-00C04F79EFBC}") = "PR13", "PR13.csproj", "{0699317B-CC4D-443D-8D8E-51AF7FAEB5DF}"
EndProject
Global
	GlobalSection(SolutionConfigurationPlatforms) = preSolution
		Debug|Any CPU = Debug|Any CPU
		Release|Any CPU = Release|Any CPU
	EndGlobalSection
	GlobalSection(ProjectConfigurationPlatforms) = postSolution
		{0699317B-CC4D-443D-8D8E-51AF7FAEB5DF}.Debug|Any CPU.ActiveCfg = Debug|Any CPU
		{0699317B-CC4D-443D-8D8E-51AF7FAEB5DF}.Debug|Any CPU.Build.0 = Debug|Any CPU
		{0699317B-CC4D-443D-8D8E-51AF7FAEB5DF}.Release|Any CPU.ActiveCfg = Release|Any CPU
		{0699317B-CC4D-443D-8D8E-51AF7FAEB5DF}.Release|Any CPU.Build.0 = Release|Any CPU
	EndGlobalSection
	GlobalSection(SolutionProperties) = preSolution
		HideSolutionNode = FALSE
	EndGlobalSection
	GlobalSection(ExtensibilityGlobals) = postSolution
		SolutionGuid = {97A9195F-56A5-4A79-B307-1E082D61CC90}
	EndGlobalSection
EndGlobal
